
Microsoft Visual Studio Solution File, Format Version 12.00
# Visual Studio Version 17
VisualStudioVersion = 17.11.35312.102
MinimumVisualStudioVersion = 10.0.40219.1
Project("{9A19103F-16F7-4668-BE54-9A1E7A4F7556}") = "ApexWebFileMgr", "ApexWebFileMgr\ApexWebFileMgr.csproj", "{7262AE3E-4CB3-4884-A72E-0FF02B3AC610}"
EndProject
Project("{FAE04EC0-301F-11D3-BF4B-00C04F79EFBC}") = "ApexWebFileMgr.core", "ApexWebFileMgr.core\ApexWebFileMgr.core.csproj", "{2F47732B-077F-4737-A0AE-1D1EB7E238D6}"
EndProject
Global
	GlobalSection(SolutionConfigurationPlatforms) = preSolution
		Debug|Any CPU = Debug|Any CPU
		Release|Any CPU = Release|Any CPU
	EndGlobalSection
	GlobalSection(ProjectConfigurationPlatforms) = postSolution
		{7262AE3E-4CB3-4884-A72E-0FF02B3AC610}.Debug|Any CPU.ActiveCfg = Debug|Any CPU
		{7262AE3E-4CB3-4884-A72E-0FF02B3AC610}.Debug|Any CPU.Build.0 = Debug|Any CPU
		{7262AE3E-4CB3-4884-A72E-0FF02B3AC610}.Release|Any CPU.ActiveCfg = Release|Any CPU
		{7262AE3E-4CB3-4884-A72E-0FF02B3AC610}.Release|Any CPU.Build.0 = Release|Any CPU
		{2F47732B-077F-4737-A0AE-1D1EB7E238D6}.Debug|Any CPU.ActiveCfg = Debug|Any CPU
		{2F47732B-077F-4737-A0AE-1D1EB7E238D6}.Debug|Any CPU.Build.0 = Debug|Any CPU
		{2F47732B-077F-4737-A0AE-1D1EB7E238D6}.Release|Any CPU.ActiveCfg = Release|Any CPU
		{2F47732B-077F-4737-A0AE-1D1EB7E238D6}.Release|Any CPU.Build.0 = Release|Any CPU
	EndGlobalSection
	GlobalSection(SolutionProperties) = preSolution
		HideSolutionNode = FALSE
	EndGlobalSection
	GlobalSection(ExtensibilityGlobals) = postSolution
		SolutionGuid = {E301B82F-0AA1-493D-9CE1-C4E95FDDAE77}
	EndGlobalSection
EndGlobal
